
Microsoft Visual Studio Solution File, Format Version 12.00
# Visual Studio Version 17
VisualStudioVersion = 17.14.36301.6 d17.14
MinimumVisualStudioVersion = 10.0.40219.1
Project("{FAE04EC0-301F-11D3-BF4B-00C04F79EFBC}") = "oop4", "oop4\oop4.csproj", "{093E1490-28C5-4761-96A9-5C87B363DEFF}"
EndProject
Global
	GlobalSection(SolutionConfigurationPlatforms) = preSolution
		Debug|Any CPU = Debug|Any CPU
		Release|Any CPU = Release|Any CPU
	EndGlobalSection
	GlobalSection(ProjectConfigurationPlatforms) = postSolution
		{093E1490-28C5-4761-96A9-5C87B363DEFF}.Debug|Any CPU.ActiveCfg = Debug|Any CPU
		{093E1490-28C5-4761-96A9-5C87B363DEFF}.Debug|Any CPU.Build.0 = Debug|Any CPU
		{093E1490-28C5-4761-96A9-5C87B363DEFF}.Release|Any CPU.ActiveCfg = Release|Any CPU
		{093E1490-28C5-4761-96A9-5C87B363DEFF}.Release|Any CPU.Build.0 = Release|Any CPU
	EndGlobalSection
	GlobalSection(SolutionProperties) = preSolution
		HideSolutionNode = FALSE
	EndGlobalSection
	GlobalSection(ExtensibilityGlobals) = postSolution
		SolutionGuid = {B8C75F8A-5430-4D2A-99CC-C594B4F5AE35}
	EndGlobalSection
EndGlobal
